
Microsoft Visual Studio Solution File, Format Version 12.00
# Visual Studio Version 16
VisualStudioVersion = 25.0.1705.6
MinimumVisualStudioVersion = 10.0.40219.1
Project("{FAE04EC0-301F-11D3-BF4B-00C04F79EFBC}") = "AppPaOop", "AppPaOop\AppPaOop.csproj", "{614B7E96-C924-4B7C-8BD3-3EA9A3E0D96C}"
EndProject
Global
	GlobalSection(SolutionConfigurationPlatforms) = preSolution
		Debug|Any CPU = Debug|Any CPU
		Release|Any CPU = Release|Any CPU
	EndGlobalSection
	GlobalSection(ProjectConfigurationPlatforms) = postSolution
		{614B7E96-C924-4B7C-8BD3-3EA9A3E0D96C}.Debug|Any CPU.ActiveCfg = Debug|Any CPU
		{614B7E96-C924-4B7C-8BD3-3EA9A3E0D96C}.Debug|Any CPU.Build.0 = Debug|Any CPU
		{614B7E96-C924-4B7C-8BD3-3EA9A3E0D96C}.Release|Any CPU.ActiveCfg = Release|Any CPU
		{614B7E96-C924-4B7C-8BD3-3EA9A3E0D96C}.Release|Any CPU.Build.0 = Release|Any CPU
	EndGlobalSection
	GlobalSection(SolutionProperties) = preSolution
		HideSolutionNode = FALSE
	EndGlobalSection
	GlobalSection(ExtensibilityGlobals) = postSolution
		SolutionGuid = {75CB5753-5F2B-4D0C-A4CC-A8085BFC7580}
	EndGlobalSection
EndGlobal
